
Microsoft Visual Studio Solution File, Format Version 12.00
# Visual Studio Version 16
VisualStudioVersion = 16.0.29926.136
MinimumVisualStudioVersion = 10.0.40219.1
Project("{FAE04EC0-301F-11D3-BF4B-00C04F79EFBC}") = "OdeToFood", "OdeToFood.csproj", "{D175CA3B-D3F7-46F3-A389-E43DED3CAD22}"
EndProject
Project("{FAE04EC0-301F-11D3-BF4B-00C04F79EFBC}") = "OdeToFood.Core", "..\OdeToFood.Core\OdeToFood.Core.csproj", "{0B4CB32A-E1DE-41AC-A3B1-870D63980A5C}"
EndProject
Project("{FAE04EC0-301F-11D3-BF4B-00C04F79EFBC}") = "OdeToFood.Data", "..\OdeToFood.Data\OdeToFood.Data.csproj", "{7F00FABC-A1DE-42AF-87FB-9D215406723D}"
	ProjectSection(ProjectDependencies) = postProject
		{0B4CB32A-E1DE-41AC-A3B1-870D63980A5C} = {0B4CB32A-E1DE-41AC-A3B1-870D63980A5C}
	EndProjectSection
EndProject
Global
	GlobalSection(SolutionConfigurationPlatforms) = preSolution
		Debug|Any CPU = Debug|Any CPU
		Release|Any CPU = Release|Any CPU
	EndGlobalSection
	GlobalSection(ProjectConfigurationPlatforms) = postSolution
		{D175CA3B-D3F7-46F3-A389-E43DED3CAD22}.Debug|Any CPU.ActiveCfg = Debug|Any CPU
		{D175CA3B-D3F7-46F3-A389-E43DED3CAD22}.Debug|Any CPU.Build.0 = Debug|Any CPU
		{D175CA3B-D3F7-46F3-A389-E43DED3CAD22}.Release|Any CPU.ActiveCfg = Release|Any CPU
		{D175CA3B-D3F7-46F3-A389-E43DED3CAD22}.Release|Any CPU.Build.0 = Release|Any CPU
		{0B4CB32A-E1DE-41AC-A3B1-870D63980A5C}.Debug|Any CPU.ActiveCfg = Debug|Any CPU
		{0B4CB32A-E1DE-41AC-A3B1-870D63980A5C}.Debug|Any CPU.Build.0 = Debug|Any CPU
		{0B4CB32A-E1DE-41AC-A3B1-870D63980A5C}.Release|Any CPU.ActiveCfg = Release|Any CPU
		{0B4CB32A-E1DE-41AC-A3B1-870D63980A5C}.Release|Any CPU.Build.0 = Release|Any CPU
		{7F00FABC-A1DE-42AF-87FB-9D215406723D}.Debug|Any CPU.ActiveCfg = Debug|Any CPU
		{7F00FABC-A1DE-42AF-87FB-9D215406723D}.Debug|Any CPU.Build.0 = Debug|Any CPU
		{7F00FABC-A1DE-42AF-87FB-9D215406723D}.Release|Any CPU.ActiveCfg = Release|Any CPU
		{7F00FABC-A1DE-42AF-87FB-9D215406723D}.Release|Any CPU.Build.0 = Release|Any CPU
	EndGlobalSection
	GlobalSection(SolutionProperties) = preSolution
		HideSolutionNode = FALSE
	EndGlobalSection
	GlobalSection(ExtensibilityGlobals) = postSolution
		SolutionGuid = {B13E7D86-B775-473C-8C9A-E3B00D3CDCE9}
	EndGlobalSection
EndGlobal
